
Microsoft Visual Studio Solution File, Format Version 12.00
# Visual Studio Version 17
VisualStudioVersion = 17.6.33815.320
MinimumVisualStudioVersion = 10.0.40219.1
Project("{FAE04EC0-301F-11D3-BF4B-00C04F79EFBC}") = "GraphTheory", "GraphTheory\GraphTheory.csproj", "{2CB3AB0B-5D82-4CA4-A73F-0B158E218BA3}"
EndProject
Global
	GlobalSection(SolutionConfigurationPlatforms) = preSolution
		Debug|Any CPU = Debug|Any CPU
		Release|Any CPU = Release|Any CPU
	EndGlobalSection
	GlobalSection(ProjectConfigurationPlatforms) = postSolution
		{2CB3AB0B-5D82-4CA4-A73F-0B158E218BA3}.Debug|Any CPU.ActiveCfg = Debug|Any CPU
		{2CB3AB0B-5D82-4CA4-A73F-0B158E218BA3}.Debug|Any CPU.Build.0 = Debug|Any CPU
		{2CB3AB0B-5D82-4CA4-A73F-0B158E218BA3}.Release|Any CPU.ActiveCfg = Release|Any CPU
		{2CB3AB0B-5D82-4CA4-A73F-0B158E218BA3}.Release|Any CPU.Build.0 = Release|Any CPU
	EndGlobalSection
	GlobalSection(SolutionProperties) = preSolution
		HideSolutionNode = FALSE
	EndGlobalSection
	GlobalSection(ExtensibilityGlobals) = postSolution
		SolutionGuid = {40BF8AE4-6E57-40BD-A435-FD4E72F25C8D}
	EndGlobalSection
EndGlobal
